
Microsoft Visual Studio Solution File, Format Version 12.00
# Visual Studio Version 17
VisualStudioVersion = 17.9.34622.214
MinimumVisualStudioVersion = 10.0.40219.1
Project("{FAE04EC0-301F-11D3-BF4B-00C04F79EFBC}") = "TestAspNetAddIn", "TestAspNetAddIn.csproj", "{23EF5269-CB00-4E41-BEAD-97253E060753}"
EndProject
Global
	GlobalSection(SolutionConfigurationPlatforms) = preSolution
		Debug|Any CPU = Debug|Any CPU
		Release|Any CPU = Release|Any CPU
	EndGlobalSection
	GlobalSection(ProjectConfigurationPlatforms) = postSolution
		{23EF5269-CB00-4E41-BEAD-97253E060753}.Debug|Any CPU.ActiveCfg = Debug|Any CPU
		{23EF5269-CB00-4E41-BEAD-97253E060753}.Debug|Any CPU.Build.0 = Debug|Any CPU
		{23EF5269-CB00-4E41-BEAD-97253E060753}.Release|Any CPU.ActiveCfg = Release|Any CPU
		{23EF5269-CB00-4E41-BEAD-97253E060753}.Release|Any CPU.Build.0 = Release|Any CPU
	EndGlobalSection
	GlobalSection(SolutionProperties) = preSolution
		HideSolutionNode = FALSE
	EndGlobalSection
	GlobalSection(ExtensibilityGlobals) = postSolution
		SolutionGuid = {38D7D0E9-7D4A-4906-A304-A3B45F9D6976}
	EndGlobalSection
EndGlobal
